
Microsoft Visual Studio Solution File, Format Version 12.00
# Visual Studio 15
VisualStudioVersion = 15.0.27703.2035
MinimumVisualStudioVersion = 10.0.40219.1
Project("{FAE04EC0-301F-11D3-BF4B-00C04F79EFBC}") = "Ezybills", "Ezybills\Ezybills.csproj", "{737E4C4A-03F6-45DA-8E14-898D41734133}"
EndProject
Project("{FAE04EC0-301F-11D3-BF4B-00C04F79EFBC}") = "Ezybills.Tests", "Ezybills.Tests\Ezybills.Tests.csproj", "{ABC03EAC-0DB7-4E72-BD12-23329B45461E}"
EndProject
Global
	GlobalSection(SolutionConfigurationPlatforms) = preSolution
		Debug|Any CPU = Debug|Any CPU
		Release|Any CPU = Release|Any CPU
	EndGlobalSection
	GlobalSection(ProjectConfigurationPlatforms) = postSolution
		{737E4C4A-03F6-45DA-8E14-898D41734133}.Debug|Any CPU.ActiveCfg = Debug|Any CPU
		{737E4C4A-03F6-45DA-8E14-898D41734133}.Debug|Any CPU.Build.0 = Debug|Any CPU
		{737E4C4A-03F6-45DA-8E14-898D41734133}.Release|Any CPU.ActiveCfg = Release|Any CPU
		{737E4C4A-03F6-45DA-8E14-898D41734133}.Release|Any CPU.Build.0 = Release|Any CPU
		{ABC03EAC-0DB7-4E72-BD12-23329B45461E}.Debug|Any CPU.ActiveCfg = Debug|Any CPU
		{ABC03EAC-0DB7-4E72-BD12-23329B45461E}.Debug|Any CPU.Build.0 = Debug|Any CPU
		{ABC03EAC-0DB7-4E72-BD12-23329B45461E}.Release|Any CPU.ActiveCfg = Release|Any CPU
		{ABC03EAC-0DB7-4E72-BD12-23329B45461E}.Release|Any CPU.Build.0 = Release|Any CPU
	EndGlobalSection
	GlobalSection(SolutionProperties) = preSolution
		HideSolutionNode = FALSE
	EndGlobalSection
	GlobalSection(ExtensibilityGlobals) = postSolution
		SolutionGuid = {5D3A7759-22B7-499C-96FB-C2F1C503E075}
	EndGlobalSection
EndGlobal
